# This file is automatically @generated by Cargo.
# It is not intended for manual editing.
[[package]]
name = "foobar"
version = "0.1.0"
dependencies = [
 "leftpad",
]

[[package]]
name = "leftpad"
version = "0.2.0"
source = "registry+https://github.com/rust-lang/crates.io-index"
checksum = "88f9cfcc08016e95dabba636661a4702c8407e1243e402f9e27b3d61029660f9"
